
Microsoft Visual Studio Solution File, Format Version 11.00
# Visual Studio 2010
Project("{FAE04EC0-301F-11D3-BF4B-00C04F79EFBC}") = "xVal.WebForms.Demo", "xVal.WebForms.Demo\xVal.WebForms.Demo.csproj", "{FF3CE498-9544-4518-A569-88D8CA3EADCC}"
EndProject
Project("{FAE04EC0-301F-11D3-BF4B-00C04F79EFBC}") = "xVal.WebForms", "xVal.WebForms\xVal.WebForms.csproj", "{E69E89AF-D7BF-48F0-BC33-A555B0302C2E}"
EndProject
Project("{E24C65DC-7377-472B-9ABA-BC803B73C61A}") = "localhost", "http://localhost:1578", "{61B35ADE-5F1F-49E6-AB00-FEC5FEDF4966}"
	ProjectSection(WebsiteProperties) = preProject
		UseIISExpress = "true"
		TargetFrameworkMoniker = ".NETFramework,Version%3Dv3.5"
		ProjectReferences = "{FF3CE498-9544-4518-A569-88D8CA3EADCC}|xVal.WebForms.Demo.dll;{E69E89AF-D7BF-48F0-BC33-A555B0302C2E}|xVal.WebForms.dll;"
		Debug.AspNetCompiler.VirtualPath = "/xVal.WebForms.Demo.WebSite"
		Debug.AspNetCompiler.PhysicalPath = "xVal.WebForms.Demo.WebSite\"
		Debug.AspNetCompiler.TargetPath = "PrecompiledWeb\xVal.WebForms.Demo.WebSite\"
		Debug.AspNetCompiler.Updateable = "true"
		Debug.AspNetCompiler.ForceOverwrite = "true"
		Debug.AspNetCompiler.FixedNames = "false"
		Debug.AspNetCompiler.Debug = "True"
		Release.AspNetCompiler.VirtualPath = "/xVal.WebForms.Demo.WebSite"
		Release.AspNetCompiler.PhysicalPath = "xVal.WebForms.Demo.WebSite\"
		Release.AspNetCompiler.TargetPath = "PrecompiledWeb\xVal.WebForms.Demo.WebSite\"
		Release.AspNetCompiler.Updateable = "true"
		Release.AspNetCompiler.ForceOverwrite = "true"
		Release.AspNetCompiler.FixedNames = "false"
		Release.AspNetCompiler.Debug = "False"
		SlnRelativePath = "xVal.WebForms.Demo.WebSite\"
	EndProjectSection
EndProject
Global
	GlobalSection(SolutionConfigurationPlatforms) = preSolution
		Debug|Any CPU = Debug|Any CPU
		Release|Any CPU = Release|Any CPU
	EndGlobalSection
	GlobalSection(ProjectConfigurationPlatforms) = postSolution
		{FF3CE498-9544-4518-A569-88D8CA3EADCC}.Debug|Any CPU.ActiveCfg = Debug|Any CPU
		{FF3CE498-9544-4518-A569-88D8CA3EADCC}.Debug|Any CPU.Build.0 = Debug|Any CPU
		{FF3CE498-9544-4518-A569-88D8CA3EADCC}.Release|Any CPU.ActiveCfg = Release|Any CPU
		{FF3CE498-9544-4518-A569-88D8CA3EADCC}.Release|Any CPU.Build.0 = Release|Any CPU
		{E69E89AF-D7BF-48F0-BC33-A555B0302C2E}.Debug|Any CPU.ActiveCfg = Debug|Any CPU
		{E69E89AF-D7BF-48F0-BC33-A555B0302C2E}.Debug|Any CPU.Build.0 = Debug|Any CPU
		{E69E89AF-D7BF-48F0-BC33-A555B0302C2E}.Release|Any CPU.ActiveCfg = Release|Any CPU
		{E69E89AF-D7BF-48F0-BC33-A555B0302C2E}.Release|Any CPU.Build.0 = Release|Any CPU
		{61B35ADE-5F1F-49E6-AB00-FEC5FEDF4966}.Debug|Any CPU.ActiveCfg = Debug|Any CPU
		{61B35ADE-5F1F-49E6-AB00-FEC5FEDF4966}.Debug|Any CPU.Build.0 = Debug|Any CPU
		{61B35ADE-5F1F-49E6-AB00-FEC5FEDF4966}.Release|Any CPU.ActiveCfg = Debug|Any CPU
		{61B35ADE-5F1F-49E6-AB00-FEC5FEDF4966}.Release|Any CPU.Build.0 = Debug|Any CPU
	EndGlobalSection
	GlobalSection(SolutionProperties) = preSolution
		HideSolutionNode = FALSE
	EndGlobalSection
EndGlobal
